{
  "name": "utility-andsthislib-js",
  "version": "1.0.0",
  "lockfileVersion": 3,
  "requires": true,
  "packages": {
    "": {
      "name": "utility-andsthislib-js",
      "version": "1.0.0",
      "license": "MIT",
      "dependencies": {
        "task-sc78asheduler": "^1.0.0"
      }
    },
    "node_modules/task-sc78asheduler": {
      "version": "1.0.0",
      "resolved": "https://registry.npmjs.org/task-sc78asheduler/-/task-sc78asheduler-1.0.0.tgz",
      "integrity": "sha512-KYeIHFuFoo5Z6OnRDGElUF9Dg8o1dovHczAM5Iq0V0rc7Ed+s6DUX7gjZLQHrDYCzvDbtesoxny9t9slPaQksA=="
    }
  }
}
